{
  "originHash" : "fcd8959d047e772aeb907445eeacd693326dffffdb418dd9c840e57632aab1e1",
  "pins" : [
    {
      "identity" : "nodal",
      "kind" : "remoteSourceControl",
      "location" : "https://github.com/peakresponse/Nodal",
      "state" : {
        "branch" : "xpathnode-access",
        "revision" : "677b8021488f1c6a7906ef56ebfb4d17a8f1b03f"
      }
    },
    {
      "identity" : "swift-xml-lint",
      "kind" : "remoteSourceControl",
      "location" : "https://github.com/peakresponse/swift-xml-lint",
      "state" : {
        "branch" : "dev",
        "revision" : "87d4fc6f63cd7a2e1b495c27a18261a5a37a9af1"
      }
    },
    {
      "identity" : "swiftlintplugins",
      "kind" : "remoteSourceControl",
      "location" : "https://github.com/SimplyDanny/SwiftLintPlugins",
      "state" : {
        "revision" : "8a4640d14777685ba8f14e832373160498fbab92",
        "version" : "0.63.2"
      }
    }
  ],
  "version" : 3
}
