{
  "originHash" : "289473fe68457054a1838ce5bd70fee74bcfbf7397156519059bed8069b11622",
  "pins" : [
    {
      "identity" : "nodal",
      "kind" : "remoteSourceControl",
      "location" : "https://github.com/peakresponse/Nodal",
      "state" : {
        "branch" : "xpathnode-access",
        "revision" : "677b8021488f1c6a7906ef56ebfb4d17a8f1b03f"
      }
    },
    {
      "identity" : "swift-xml-lint",
      "kind" : "remoteSourceControl",
      "location" : "https://github.com/peakresponse/swift-xml-lint",
      "state" : {
        "branch" : "dev",
        "revision" : "be4a8d19d1d35c5720c5c291de17a16fca7a8221"
      }
    },
    {
      "identity" : "swiftlintplugins",
      "kind" : "remoteSourceControl",
      "location" : "https://github.com/SimplyDanny/SwiftLintPlugins",
      "state" : {
        "revision" : "8a4640d14777685ba8f14e832373160498fbab92",
        "version" : "0.63.2"
      }
    }
  ],
  "version" : 3
}
