{
  "originHash" : "5eaff781d6d014703979b79306b780c352c2db1b0e0cf79fb9e555960542dd6b",
  "pins" : [
    {
      "identity" : "nodal",
      "kind" : "remoteSourceControl",
      "location" : "https://github.com/peakresponse/Nodal",
      "state" : {
        "branch" : "xpathnode-access",
        "revision" : "677b8021488f1c6a7906ef56ebfb4d17a8f1b03f"
      }
    },
    {
      "identity" : "semver",
      "kind" : "remoteSourceControl",
      "location" : "https://github.com/sersoft-gmbh/semver",
      "state" : {
        "revision" : "e6f0d2ee46e24af6a6cee91afcf44018de48de69",
        "version" : "5.5.0"
      }
    },
    {
      "identity" : "swift-syntax",
      "kind" : "remoteSourceControl",
      "location" : "https://github.com/swiftlang/swift-syntax",
      "state" : {
        "revision" : "9de99a78f099e59caf2b2beec65a4c45d54b2081",
        "version" : "603.0.1"
      }
    },
    {
      "identity" : "swift-xml-lint",
      "kind" : "remoteSourceControl",
      "location" : "https://github.com/peakresponse/swift-xml-lint",
      "state" : {
        "branch" : "dev",
        "revision" : "87d4fc6f63cd7a2e1b495c27a18261a5a37a9af1"
      }
    },
    {
      "identity" : "swiftlintplugins",
      "kind" : "remoteSourceControl",
      "location" : "https://github.com/SimplyDanny/SwiftLintPlugins",
      "state" : {
        "revision" : "8a4640d14777685ba8f14e832373160498fbab92",
        "version" : "0.63.2"
      }
    }
  ],
  "version" : 3
}
